// !$*UTF8*$!
{
	archiveVersion = 1;
	classes = {
	};
	objectVersion = 56;
	objects = {

/* Begin PBXBuildFile section */
		16D681852C331A9D00D5362C /* RMGuideApp.swift in Sources */ = {isa = PBXBuildFile; fileRef = 16D681842C331A9D00D5362C /* RMGuideApp.swift */; };
		16D681872C331A9D00D5362C /* ContentView.swift in Sources */ = {isa = PBXBuildFile; fileRef = 16D681862C331A9D00D5362C /* ContentView.swift */; };
		16D681892C331A9F00D5362C /* Assets.xcassets in Resources */ = {isa = PBXBuildFile; fileRef = 16D681882C331A9F00D5362C /* Assets.xcassets */; };
		16D6818C2C331A9F00D5362C /* Preview Assets.xcassets in Resources */ = {isa = PBXBuildFile; fileRef = 16D6818B2C331A9F00D5362C /* Preview Assets.xcassets */; };
		16D681A72C331E1700D5362C /* CharacterDetailsViewModel.swift in Sources */ = {isa = PBXBuildFile; fileRef = 16D681A62C331E1700D5362C /* CharacterDetailsViewModel.swift */; };
		16D681A92C331E2300D5362C /* CharacterDetailsView.swift in Sources */ = {isa = PBXBuildFile; fileRef = 16D681A82C331E2300D5362C /* CharacterDetailsView.swift */; };
		16D681AB2C331E3200D5362C /* GetRMCharactersInteractor.swift in Sources */ = {isa = PBXBuildFile; fileRef = 16D681AA2C331E3200D5362C /* GetRMCharactersInteractor.swift */; };
		16D681AD2C331E3900D5362C /* CharactersViewModel.swift in Sources */ = {isa = PBXBuildFile; fileRef = 16D681AC2C331E3900D5362C /* CharactersViewModel.swift */; };
		16D681AF2C331E4800D5362C /* CharactersView.swift in Sources */ = {isa = PBXBuildFile; fileRef = 16D681AE2C331E4800D5362C /* CharactersView.swift */; };
		16D681B12C331E5D00D5362C /* GetRMEpisodeDetailsInteractor.swift in Sources */ = {isa = PBXBuildFile; fileRef = 16D681B02C331E5D00D5362C /* GetRMEpisodeDetailsInteractor.swift */; };
		16D681B32C331E6700D5362C /* EpisodeDetailsViewModel.swift in Sources */ = {isa = PBXBuildFile; fileRef = 16D681B22C331E6700D5362C /* EpisodeDetailsViewModel.swift */; };
		16D681B52C331E7400D5362C /* EpisodeDetailsView.swift in Sources */ = {isa = PBXBuildFile; fileRef = 16D681B42C331E7400D5362C /* EpisodeDetailsView.swift */; };
		16D681B92C331F2100D5362C /* APIClient.swift in Sources */ = {isa = PBXBuildFile; fileRef = 16D681B82C331F2100D5362C /* APIClient.swift */; };
		16D681BB2C331F2700D5362C /* AnyAPIClient.swift in Sources */ = {isa = PBXBuildFile; fileRef = 16D681BA2C331F2700D5362C /* AnyAPIClient.swift */; };
		16D681BD2C331F6700D5362C /* APIEndpoint.swift in Sources */ = {isa = PBXBuildFile; fileRef = 16D681BC2C331F6700D5362C /* APIEndpoint.swift */; };
		16D681C02C331FA500D5362C /* HTTPMethod.swift in Sources */ = {isa = PBXBuildFile; fileRef = 16D681BF2C331FA500D5362C /* HTTPMethod.swift */; };
		16D681C22C331FAF00D5362C /* APIError.swift in Sources */ = {isa = PBXBuildFile; fileRef = 16D681C12C331FAF00D5362C /* APIError.swift */; };
		16D681C72C3324E800D5362C /* RickAndMortyEndpoints.swift in Sources */ = {isa = PBXBuildFile; fileRef = 16D681C62C3324E800D5362C /* RickAndMortyEndpoints.swift */; };
		16D681C92C33270A00D5362C /* RMCharacter.swift in Sources */ = {isa = PBXBuildFile; fileRef = 16D681C82C33270A00D5362C /* RMCharacter.swift */; };
		16D681CB2C33270F00D5362C /* RMEpisode.swift in Sources */ = {isa = PBXBuildFile; fileRef = 16D681CA2C33270F00D5362C /* RMEpisode.swift */; };
		16D681CE2C33277D00D5362C /* RMCharacterOrigin.swift in Sources */ = {isa = PBXBuildFile; fileRef = 16D681CD2C33277D00D5362C /* RMCharacterOrigin.swift */; };
		16D681D02C33278300D5362C /* RMCharacterLocation.swift in Sources */ = {isa = PBXBuildFile; fileRef = 16D681CF2C33278300D5362C /* RMCharacterLocation.swift */; };
		16D681D22C33278B00D5362C /* RMCharacterStatus.swift in Sources */ = {isa = PBXBuildFile; fileRef = 16D681D12C33278B00D5362C /* RMCharacterStatus.swift */; };
		16D681D42C33279200D5362C /* RMCharacterGender.swift in Sources */ = {isa = PBXBuildFile; fileRef = 16D681D32C33279200D5362C /* RMCharacterGender.swift */; };
		16D681D92C3328BA00D5362C /* RMInfo.swift in Sources */ = {isa = PBXBuildFile; fileRef = 16D681D82C3328BA00D5362C /* RMInfo.swift */; };
		16D681DB2C3328DE00D5362C /* RMCharacterResponse.swift in Sources */ = {isa = PBXBuildFile; fileRef = 16D681DA2C3328DE00D5362C /* RMCharacterResponse.swift */; };
		16D681E32C3329E900D5362C /* Swinject in Frameworks */ = {isa = PBXBuildFile; productRef = 16D681E22C3329E900D5362C /* Swinject */; };
		16D681E52C332A2D00D5362C /* Assembler.swift in Sources */ = {isa = PBXBuildFile; fileRef = 16D681E42C332A2D00D5362C /* Assembler.swift */; };
		16D681EA2C332A7400D5362C /* CharactersListAssembly.swift in Sources */ = {isa = PBXBuildFile; fileRef = 16D681E92C332A7400D5362C /* CharactersListAssembly.swift */; };
		16D681EC2C332A7C00D5362C /* EpisodeDetailsAssembly.swift in Sources */ = {isa = PBXBuildFile; fileRef = 16D681EB2C332A7C00D5362C /* EpisodeDetailsAssembly.swift */; };
		16D681F02C332AE300D5362C /* Container+Extension.swift in Sources */ = {isa = PBXBuildFile; fileRef = 16D681EF2C332AE300D5362C /* Container+Extension.swift */; };
		16D681FA2C332E4700D5362C /* EmptyRequestInput.swift in Sources */ = {isa = PBXBuildFile; fileRef = 16D681F92C332E4700D5362C /* EmptyRequestInput.swift */; };
		16D681FD2C3331ED00D5362C /* Inject.swift in Sources */ = {isa = PBXBuildFile; fileRef = 16D681FC2C3331ED00D5362C /* Inject.swift */; };
		16D682002C33466F00D5362C /* Views.swift in Sources */ = {isa = PBXBuildFile; fileRef = 16D681FF2C33466F00D5362C /* Views.swift */; };
		16D682032C33470B00D5362C /* ErrorModal.swift in Sources */ = {isa = PBXBuildFile; fileRef = 16D682022C33470B00D5362C /* ErrorModal.swift */; };
		16D682052C33482D00D5362C /* Color+Extension.swift in Sources */ = {isa = PBXBuildFile; fileRef = 16D682042C33482D00D5362C /* Color+Extension.swift */; };
		16D682072C334AEE00D5362C /* LoadingIndicatorModal.swift in Sources */ = {isa = PBXBuildFile; fileRef = 16D682062C334AEE00D5362C /* LoadingIndicatorModal.swift */; };
		16D6820B2C334DB700D5362C /* EmptyCharactersListView.swift in Sources */ = {isa = PBXBuildFile; fileRef = 16D6820A2C334DB700D5362C /* EmptyCharactersListView.swift */; };
		16D682132C33EC7A00D5362C /* RMEpisodeObject.swift in Sources */ = {isa = PBXBuildFile; fileRef = 16D682122C33EC7A00D5362C /* RMEpisodeObject.swift */; };
		16D6821A2C33F8DA00D5362C /* EpisodeDetailsCacheManager.swift in Sources */ = {isa = PBXBuildFile; fileRef = 16D682192C33F8DA00D5362C /* EpisodeDetailsCacheManager.swift */; };
/* End PBXBuildFile section */

/* Begin PBXFileReference section */
		16D681812C331A9D00D5362C /* RMGuide.app */ = {isa = PBXFileReference; explicitFileType = wrapper.application; includeInIndex = 0; path = RMGuide.app; sourceTree = BUILT_PRODUCTS_DIR; };
		16D681842C331A9D00D5362C /* RMGuideApp.swift */ = {isa = PBXFileReference; lastKnownFileType = sourcecode.swift; path = RMGuideApp.swift; sourceTree = "<group>"; };
		16D681862C331A9D00D5362C /* ContentView.swift */ = {isa = PBXFileReference; lastKnownFileType = sourcecode.swift; path = ContentView.swift; sourceTree = "<group>"; };
		16D681882C331A9F00D5362C /* Assets.xcassets */ = {isa = PBXFileReference; lastKnownFileType = folder.assetcatalog; path = Assets.xcassets; sourceTree = "<group>"; };
		16D6818B2C331A9F00D5362C /* Preview Assets.xcassets */ = {isa = PBXFileReference; lastKnownFileType = folder.assetcatalog; path = "Preview Assets.xcassets"; sourceTree = "<group>"; };
		16D681A62C331E1700D5362C /* CharacterDetailsViewModel.swift */ = {isa = PBXFileReference; lastKnownFileType = sourcecode.swift; path = CharacterDetailsViewModel.swift; sourceTree = "<group>"; };
		16D681A82C331E2300D5362C /* CharacterDetailsView.swift */ = {isa = PBXFileReference; lastKnownFileType = sourcecode.swift; path = CharacterDetailsView.swift; sourceTree = "<group>"; };
		16D681AA2C331E3200D5362C /* GetRMCharactersInteractor.swift */ = {isa = PBXFileReference; lastKnownFileType = sourcecode.swift; path = GetRMCharactersInteractor.swift; sourceTree = "<group>"; };
		16D681AC2C331E3900D5362C /* CharactersViewModel.swift */ = {isa = PBXFileReference; lastKnownFileType = sourcecode.swift; path = CharactersViewModel.swift; sourceTree = "<group>"; };
		16D681AE2C331E4800D5362C /* CharactersView.swift */ = {isa = PBXFileReference; lastKnownFileType = sourcecode.swift; path = CharactersView.swift; sourceTree = "<group>"; };
		16D681B02C331E5D00D5362C /* GetRMEpisodeDetailsInteractor.swift */ = {isa = PBXFileReference; lastKnownFileType = sourcecode.swift; path = GetRMEpisodeDetailsInteractor.swift; sourceTree = "<group>"; };
		16D681B22C331E6700D5362C /* EpisodeDetailsViewModel.swift */ = {isa = PBXFileReference; lastKnownFileType = sourcecode.swift; path = EpisodeDetailsViewModel.swift; sourceTree = "<group>"; };
		16D681B42C331E7400D5362C /* EpisodeDetailsView.swift */ = {isa = PBXFileReference; lastKnownFileType = sourcecode.swift; path = EpisodeDetailsView.swift; sourceTree = "<group>"; };
		16D681B82C331F2100D5362C /* APIClient.swift */ = {isa = PBXFileReference; lastKnownFileType = sourcecode.swift; path = APIClient.swift; sourceTree = "<group>"; };
		16D681BA2C331F2700D5362C /* AnyAPIClient.swift */ = {isa = PBXFileReference; lastKnownFileType = sourcecode.swift; path = AnyAPIClient.swift; sourceTree = "<group>"; };
		16D681BC2C331F6700D5362C /* APIEndpoint.swift */ = {isa = PBXFileReference; lastKnownFileType = sourcecode.swift; path = APIEndpoint.swift; sourceTree = "<group>"; };
		16D681BF2C331FA500D5362C /* HTTPMethod.swift */ = {isa = PBXFileReference; lastKnownFileType = sourcecode.swift; path = HTTPMethod.swift; sourceTree = "<group>"; };
		16D681C12C331FAF00D5362C /* APIError.swift */ = {isa = PBXFileReference; lastKnownFileType = sourcecode.swift; path = APIError.swift; sourceTree = "<group>"; };
		16D681C62C3324E800D5362C /* RickAndMortyEndpoints.swift */ = {isa = PBXFileReference; lastKnownFileType = sourcecode.swift; path = RickAndMortyEndpoints.swift; sourceTree = "<group>"; };
		16D681C82C33270A00D5362C /* RMCharacter.swift */ = {isa = PBXFileReference; lastKnownFileType = sourcecode.swift; path = RMCharacter.swift; sourceTree = "<group>"; };
		16D681CA2C33270F00D5362C /* RMEpisode.swift */ = {isa = PBXFileReference; lastKnownFileType = sourcecode.swift; path = RMEpisode.swift; sourceTree = "<group>"; };
		16D681CD2C33277D00D5362C /* RMCharacterOrigin.swift */ = {isa = PBXFileReference; lastKnownFileType = sourcecode.swift; path = RMCharacterOrigin.swift; sourceTree = "<group>"; };
		16D681CF2C33278300D5362C /* RMCharacterLocation.swift */ = {isa = PBXFileReference; lastKnownFileType = sourcecode.swift; path = RMCharacterLocation.swift; sourceTree = "<group>"; };
		16D681D12C33278B00D5362C /* RMCharacterStatus.swift */ = {isa = PBXFileReference; lastKnownFileType = sourcecode.swift; path = RMCharacterStatus.swift; sourceTree = "<group>"; };
		16D681D32C33279200D5362C /* RMCharacterGender.swift */ = {isa = PBXFileReference; lastKnownFileType = sourcecode.swift; path = RMCharacterGender.swift; sourceTree = "<group>"; };
		16D681D82C3328BA00D5362C /* RMInfo.swift */ = {isa = PBXFileReference; lastKnownFileType = sourcecode.swift; path = RMInfo.swift; sourceTree = "<group>"; };
		16D681DA2C3328DE00D5362C /* RMCharacterResponse.swift */ = {isa = PBXFileReference; lastKnownFileType = sourcecode.swift; path = RMCharacterResponse.swift; sourceTree = "<group>"; };
		16D681E42C332A2D00D5362C /* Assembler.swift */ = {isa = PBXFileReference; lastKnownFileType = sourcecode.swift; path = Assembler.swift; sourceTree = "<group>"; };
		16D681E92C332A7400D5362C /* CharactersListAssembly.swift */ = {isa = PBXFileReference; lastKnownFileType = sourcecode.swift; path = CharactersListAssembly.swift; sourceTree = "<group>"; };
		16D681EB2C332A7C00D5362C /* EpisodeDetailsAssembly.swift */ = {isa = PBXFileReference; lastKnownFileType = sourcecode.swift; path = EpisodeDetailsAssembly.swift; sourceTree = "<group>"; };
		16D681EF2C332AE300D5362C /* Container+Extension.swift */ = {isa = PBXFileReference; lastKnownFileType = sourcecode.swift; path = "Container+Extension.swift"; sourceTree = "<group>"; };
		16D681F92C332E4700D5362C /* EmptyRequestInput.swift */ = {isa = PBXFileReference; lastKnownFileType = sourcecode.swift; path = EmptyRequestInput.swift; sourceTree = "<group>"; };
		16D681FC2C3331ED00D5362C /* Inject.swift */ = {isa = PBXFileReference; lastKnownFileType = sourcecode.swift; path = Inject.swift; sourceTree = "<group>"; };
		16D681FF2C33466F00D5362C /* Views.swift */ = {isa = PBXFileReference; lastKnownFileType = sourcecode.swift; path = Views.swift; sourceTree = "<group>"; };
		16D682022C33470B00D5362C /* ErrorModal.swift */ = {isa = PBXFileReference; lastKnownFileType = sourcecode.swift; path = ErrorModal.swift; sourceTree = "<group>"; };
		16D682042C33482D00D5362C /* Color+Extension.swift */ = {isa = PBXFileReference; lastKnownFileType = sourcecode.swift; path = "Color+Extension.swift"; sourceTree = "<group>"; };
		16D682062C334AEE00D5362C /* LoadingIndicatorModal.swift */ = {isa = PBXFileReference; lastKnownFileType = sourcecode.swift; path = LoadingIndicatorModal.swift; sourceTree = "<group>"; };
		16D6820A2C334DB700D5362C /* EmptyCharactersListView.swift */ = {isa = PBXFileReference; lastKnownFileType = sourcecode.swift; path = EmptyCharactersListView.swift; sourceTree = "<group>"; };
		16D682122C33EC7A00D5362C /* RMEpisodeObject.swift */ = {isa = PBXFileReference; lastKnownFileType = sourcecode.swift; path = RMEpisodeObject.swift; sourceTree = "<group>"; };
		16D682192C33F8DA00D5362C /* EpisodeDetailsCacheManager.swift */ = {isa = PBXFileReference; lastKnownFileType = sourcecode.swift; path = EpisodeDetailsCacheManager.swift; sourceTree = "<group>"; };
/* End PBXFileReference section */

/* Begin PBXFrameworksBuildPhase section */
		16D6817E2C331A9D00D5362C /* Frameworks */ = {
			isa = PBXFrameworksBuildPhase;
			buildActionMask = 2147483647;
			files = (
				16D681E32C3329E900D5362C /* Swinject in Frameworks */,
			);
			runOnlyForDeploymentPostprocessing = 0;
		};
/* End PBXFrameworksBuildPhase section */

/* Begin PBXGroup section */
		16D681782C331A9D00D5362C = {
			isa = PBXGroup;
			children = (
				16D681832C331A9D00D5362C /* RMGuide */,
				16D681822C331A9D00D5362C /* Products */,
			);
			sourceTree = "<group>";
		};
		16D681822C331A9D00D5362C /* Products */ = {
			isa = PBXGroup;
			children = (
				16D681812C331A9D00D5362C /* RMGuide.app */,
			);
			name = Products;
			sourceTree = "<group>";
		};
		16D681832C331A9D00D5362C /* RMGuide */ = {
			isa = PBXGroup;
			children = (
				16D681922C331D5200D5362C /* Core */,
				16D681952C331D6500D5362C /* Modules */,
				16D681ED2C332AB300D5362C /* Utils */,
				16D681842C331A9D00D5362C /* RMGuideApp.swift */,
				16D681862C331A9D00D5362C /* ContentView.swift */,
				16D681882C331A9F00D5362C /* Assets.xcassets */,
				16D6818A2C331A9F00D5362C /* Preview Content */,
			);
			path = RMGuide;
			sourceTree = "<group>";
		};
		16D6818A2C331A9F00D5362C /* Preview Content */ = {
			isa = PBXGroup;
			children = (
				16D6818B2C331A9F00D5362C /* Preview Assets.xcassets */,
			);
			path = "Preview Content";
			sourceTree = "<group>";
		};
		16D681922C331D5200D5362C /* Core */ = {
			isa = PBXGroup;
			children = (
				16D6820E2C33EC1700D5362C /* Cache */,
				16D681942C331D5F00D5362C /* Assemblies */,
				16D681932C331D5800D5362C /* Networking */,
			);
			path = Core;
			sourceTree = "<group>";
		};
		16D681932C331D5800D5362C /* Networking */ = {
			isa = PBXGroup;
			children = (
				16D681BE2C331F9900D5362C /* Enums */,
				16D681B72C331F0F00D5362C /* APIClient */,
				16D681B62C331F0B00D5362C /* APIEndpoints */,
			);
			path = Networking;
			sourceTree = "<group>";
		};
		16D681942C331D5F00D5362C /* Assemblies */ = {
			isa = PBXGroup;
			children = (
				16D681E62C332A3E00D5362C /* Modules */,
				16D681E42C332A2D00D5362C /* Assembler.swift */,
			);
			path = Assemblies;
			sourceTree = "<group>";
		};
		16D681952C331D6500D5362C /* Modules */ = {
			isa = PBXGroup;
			children = (
				16D681972C331D8A00D5362C /* CharacterDetails */,
				16D681962C331D7F00D5362C /* CharactersList */,
				16D6819C2C331DC300D5362C /* EpisodeDetails */,
			);
			path = Modules;
			sourceTree = "<group>";
		};
		16D681962C331D7F00D5362C /* CharactersList */ = {
			isa = PBXGroup;
			children = (
				16D681A02C331DDA00D5362C /* Interactor */,
				16D6819F2C331DD700D5362C /* ViewModel */,
				16D6819B2C331DB400D5362C /* View */,
			);
			path = CharactersList;
			sourceTree = "<group>";
		};
		16D681972C331D8A00D5362C /* CharacterDetails */ = {
			isa = PBXGroup;
			children = (
				16D6819D2C331DCD00D5362C /* ViewModel */,
				16D6819A2C331DB100D5362C /* View */,
			);
			path = CharacterDetails;
			sourceTree = "<group>";
		};
		16D6819A2C331DB100D5362C /* View */ = {
			isa = PBXGroup;
			children = (
				16D681A82C331E2300D5362C /* CharacterDetailsView.swift */,
			);
			path = View;
			sourceTree = "<group>";
		};
		16D6819B2C331DB400D5362C /* View */ = {
			isa = PBXGroup;
			children = (
				16D681AE2C331E4800D5362C /* CharactersView.swift */,
				16D6820A2C334DB700D5362C /* EmptyCharactersListView.swift */,
			);
			path = View;
			sourceTree = "<group>";
		};
		16D6819C2C331DC300D5362C /* EpisodeDetails */ = {
			isa = PBXGroup;
			children = (
				16D682182C33F8CB00D5362C /* CacheManager */,
				16D681A32C331DF200D5362C /* Interactor */,
				16D681A22C331DEA00D5362C /* ViewModel */,
				16D681A12C331DE700D5362C /* View */,
			);
			path = EpisodeDetails;
			sourceTree = "<group>";
		};
		16D6819D2C331DCD00D5362C /* ViewModel */ = {
			isa = PBXGroup;
			children = (
				16D681A62C331E1700D5362C /* CharacterDetailsViewModel.swift */,
			);
			path = ViewModel;
			sourceTree = "<group>";
		};
		16D6819F2C331DD700D5362C /* ViewModel */ = {
			isa = PBXGroup;
			children = (
				16D681AC2C331E3900D5362C /* CharactersViewModel.swift */,
			);
			path = ViewModel;
			sourceTree = "<group>";
		};
		16D681A02C331DDA00D5362C /* Interactor */ = {
			isa = PBXGroup;
			children = (
				16D681AA2C331E3200D5362C /* GetRMCharactersInteractor.swift */,
			);
			path = Interactor;
			sourceTree = "<group>";
		};
		16D681A12C331DE700D5362C /* View */ = {
			isa = PBXGroup;
			children = (
				16D681B42C331E7400D5362C /* EpisodeDetailsView.swift */,
			);
			path = View;
			sourceTree = "<group>";
		};
		16D681A22C331DEA00D5362C /* ViewModel */ = {
			isa = PBXGroup;
			children = (
				16D681B22C331E6700D5362C /* EpisodeDetailsViewModel.swift */,
			);
			path = ViewModel;
			sourceTree = "<group>";
		};
		16D681A32C331DF200D5362C /* Interactor */ = {
			isa = PBXGroup;
			children = (
				16D681B02C331E5D00D5362C /* GetRMEpisodeDetailsInteractor.swift */,
			);
			path = Interactor;
			sourceTree = "<group>";
		};
		16D681B62C331F0B00D5362C /* APIEndpoints */ = {
			isa = PBXGroup;
			children = (
				16D681C32C3324AA00D5362C /* RickAndMortyAPI */,
				16D681BC2C331F6700D5362C /* APIEndpoint.swift */,
			);
			path = APIEndpoints;
			sourceTree = "<group>";
		};
		16D681B72C331F0F00D5362C /* APIClient */ = {
			isa = PBXGroup;
			children = (
				16D681B82C331F2100D5362C /* APIClient.swift */,
				16D681BA2C331F2700D5362C /* AnyAPIClient.swift */,
			);
			path = APIClient;
			sourceTree = "<group>";
		};
		16D681BE2C331F9900D5362C /* Enums */ = {
			isa = PBXGroup;
			children = (
				16D681BF2C331FA500D5362C /* HTTPMethod.swift */,
				16D681C12C331FAF00D5362C /* APIError.swift */,
			);
			path = Enums;
			sourceTree = "<group>";
		};
		16D681C32C3324AA00D5362C /* RickAndMortyAPI */ = {
			isa = PBXGroup;
			children = (
				16D681D72C3328B000D5362C /* Common */,
				16D681C42C3324BC00D5362C /* Character */,
				16D681C52C3324C300D5362C /* Episode */,
				16D681C62C3324E800D5362C /* RickAndMortyEndpoints.swift */,
			);
			path = RickAndMortyAPI;
			sourceTree = "<group>";
		};
		16D681C42C3324BC00D5362C /* Character */ = {
			isa = PBXGroup;
			children = (
				16D681CC2C33277400D5362C /* Components */,
				16D681C82C33270A00D5362C /* RMCharacter.swift */,
				16D681DA2C3328DE00D5362C /* RMCharacterResponse.swift */,
			);
			path = Character;
			sourceTree = "<group>";
		};
		16D681C52C3324C300D5362C /* Episode */ = {
			isa = PBXGroup;
			children = (
				16D681CA2C33270F00D5362C /* RMEpisode.swift */,
			);
			path = Episode;
			sourceTree = "<group>";
		};
		16D681CC2C33277400D5362C /* Components */ = {
			isa = PBXGroup;
			children = (
				16D681CD2C33277D00D5362C /* RMCharacterOrigin.swift */,
				16D681CF2C33278300D5362C /* RMCharacterLocation.swift */,
				16D681D12C33278B00D5362C /* RMCharacterStatus.swift */,
				16D681D32C33279200D5362C /* RMCharacterGender.swift */,
			);
			path = Components;
			sourceTree = "<group>";
		};
		16D681D72C3328B000D5362C /* Common */ = {
			isa = PBXGroup;
			children = (
				16D681D82C3328BA00D5362C /* RMInfo.swift */,
				16D681F92C332E4700D5362C /* EmptyRequestInput.swift */,
			);
			path = Common;
			sourceTree = "<group>";
		};
		16D681E62C332A3E00D5362C /* Modules */ = {
			isa = PBXGroup;
			children = (
				16D681E72C332A4700D5362C /* CharactersList */,
				16D681E82C332A5500D5362C /* EpisodeDetails */,
			);
			path = Modules;
			sourceTree = "<group>";
		};
		16D681E72C332A4700D5362C /* CharactersList */ = {
			isa = PBXGroup;
			children = (
				16D681E92C332A7400D5362C /* CharactersListAssembly.swift */,
			);
			path = CharactersList;
			sourceTree = "<group>";
		};
		16D681E82C332A5500D5362C /* EpisodeDetails */ = {
			isa = PBXGroup;
			children = (
				16D681EB2C332A7C00D5362C /* EpisodeDetailsAssembly.swift */,
			);
			path = EpisodeDetails;
			sourceTree = "<group>";
		};
		16D681ED2C332AB300D5362C /* Utils */ = {
			isa = PBXGroup;
			children = (
				16D682012C3346E700D5362C /* HelperViews */,
				16D681FE2C33466400D5362C /* Enums */,
				16D681FB2C3331D900D5362C /* Structures */,
				16D681EE2C332ABB00D5362C /* Extensions */,
			);
			path = Utils;
			sourceTree = "<group>";
		};
		16D681EE2C332ABB00D5362C /* Extensions */ = {
			isa = PBXGroup;
			children = (
				16D681EF2C332AE300D5362C /* Container+Extension.swift */,
				16D682042C33482D00D5362C /* Color+Extension.swift */,
			);
			path = Extensions;
			sourceTree = "<group>";
		};
		16D681FB2C3331D900D5362C /* Structures */ = {
			isa = PBXGroup;
			children = (
				16D681FC2C3331ED00D5362C /* Inject.swift */,
			);
			path = Structures;
			sourceTree = "<group>";
		};
		16D681FE2C33466400D5362C /* Enums */ = {
			isa = PBXGroup;
			children = (
				16D681FF2C33466F00D5362C /* Views.swift */,
			);
			path = Enums;
			sourceTree = "<group>";
		};
		16D682012C3346E700D5362C /* HelperViews */ = {
			isa = PBXGroup;
			children = (
				16D682022C33470B00D5362C /* ErrorModal.swift */,
				16D682062C334AEE00D5362C /* LoadingIndicatorModal.swift */,
			);
			path = HelperViews;
			sourceTree = "<group>";
		};
		16D6820E2C33EC1700D5362C /* Cache */ = {
			isa = PBXGroup;
			children = (
				16D682112C33EC7100D5362C /* Objects */,
			);
			path = Cache;
			sourceTree = "<group>";
		};
		16D682112C33EC7100D5362C /* Objects */ = {
			isa = PBXGroup;
			children = (
				16D682122C33EC7A00D5362C /* RMEpisodeObject.swift */,
			);
			path = Objects;
			sourceTree = "<group>";
		};
		16D682182C33F8CB00D5362C /* CacheManager */ = {
			isa = PBXGroup;
			children = (
				16D682192C33F8DA00D5362C /* EpisodeDetailsCacheManager.swift */,
			);
			path = CacheManager;
			sourceTree = "<group>";
		};
/* End PBXGroup section */

/* Begin PBXNativeTarget section */
		16D681802C331A9D00D5362C /* RMGuide */ = {
			isa = PBXNativeTarget;
			buildConfigurationList = 16D6818F2C331A9F00D5362C /* Build configuration list for PBXNativeTarget "RMGuide" */;
			buildPhases = (
				16D6817D2C331A9D00D5362C /* Sources */,
				16D6817E2C331A9D00D5362C /* Frameworks */,
				16D6817F2C331A9D00D5362C /* Resources */,
			);
			buildRules = (
			);
			dependencies = (
			);
			name = RMGuide;
			packageProductDependencies = (
				16D681E22C3329E900D5362C /* Swinject */,
			);
			productName = RMGuide;
			productReference = 16D681812C331A9D00D5362C /* RMGuide.app */;
			productType = "com.apple.product-type.application";
		};
/* End PBXNativeTarget section */

/* Begin PBXProject section */
		16D681792C331A9D00D5362C /* Project object */ = {
			isa = PBXProject;
			attributes = {
				BuildIndependentTargetsInParallel = 1;
				LastSwiftUpdateCheck = 1540;
				LastUpgradeCheck = 1540;
				TargetAttributes = {
					16D681802C331A9D00D5362C = {
						CreatedOnToolsVersion = 15.4;
					};
				};
			};
			buildConfigurationList = 16D6817C2C331A9D00D5362C /* Build configuration list for PBXProject "RMGuide" */;
			compatibilityVersion = "Xcode 14.0";
			developmentRegion = en;
			hasScannedForEncodings = 0;
			knownRegions = (
				en,
				Base,
			);
			mainGroup = 16D681782C331A9D00D5362C;
			packageReferences = (
				16D681E12C3329E900D5362C /* XCRemoteSwiftPackageReference "Swinject" */,
			);
			productRefGroup = 16D681822C331A9D00D5362C /* Products */;
			projectDirPath = "";
			projectRoot = "";
			targets = (
				16D681802C331A9D00D5362C /* RMGuide */,
			);
		};
/* End PBXProject section */

/* Begin PBXResourcesBuildPhase section */
		16D6817F2C331A9D00D5362C /* Resources */ = {
			isa = PBXResourcesBuildPhase;
			buildActionMask = 2147483647;
			files = (
				16D6818C2C331A9F00D5362C /* Preview Assets.xcassets in Resources */,
				16D681892C331A9F00D5362C /* Assets.xcassets in Resources */,
			);
			runOnlyForDeploymentPostprocessing = 0;
		};
/* End PBXResourcesBuildPhase section */

/* Begin PBXSourcesBuildPhase section */
		16D6817D2C331A9D00D5362C /* Sources */ = {
			isa = PBXSourcesBuildPhase;
			buildActionMask = 2147483647;
			files = (
				16D681CB2C33270F00D5362C /* RMEpisode.swift in Sources */,
				16D681AD2C331E3900D5362C /* CharactersViewModel.swift in Sources */,
				16D681AF2C331E4800D5362C /* CharactersView.swift in Sources */,
				16D682072C334AEE00D5362C /* LoadingIndicatorModal.swift in Sources */,
				16D681F02C332AE300D5362C /* Container+Extension.swift in Sources */,
				16D682132C33EC7A00D5362C /* RMEpisodeObject.swift in Sources */,
				16D682032C33470B00D5362C /* ErrorModal.swift in Sources */,
				16D681EA2C332A7400D5362C /* CharactersListAssembly.swift in Sources */,
				16D681B52C331E7400D5362C /* EpisodeDetailsView.swift in Sources */,
				16D681A72C331E1700D5362C /* CharacterDetailsViewModel.swift in Sources */,
				16D681CE2C33277D00D5362C /* RMCharacterOrigin.swift in Sources */,
				16D681DB2C3328DE00D5362C /* RMCharacterResponse.swift in Sources */,
				16D681872C331A9D00D5362C /* ContentView.swift in Sources */,
				16D681C92C33270A00D5362C /* RMCharacter.swift in Sources */,
				16D681B32C331E6700D5362C /* EpisodeDetailsViewModel.swift in Sources */,
				16D6820B2C334DB700D5362C /* EmptyCharactersListView.swift in Sources */,
				16D681D42C33279200D5362C /* RMCharacterGender.swift in Sources */,
				16D6821A2C33F8DA00D5362C /* EpisodeDetailsCacheManager.swift in Sources */,
				16D681BD2C331F6700D5362C /* APIEndpoint.swift in Sources */,
				16D681C02C331FA500D5362C /* HTTPMethod.swift in Sources */,
				16D681AB2C331E3200D5362C /* GetRMCharactersInteractor.swift in Sources */,
				16D681C72C3324E800D5362C /* RickAndMortyEndpoints.swift in Sources */,
				16D681D22C33278B00D5362C /* RMCharacterStatus.swift in Sources */,
				16D681A92C331E2300D5362C /* CharacterDetailsView.swift in Sources */,
				16D681E52C332A2D00D5362C /* Assembler.swift in Sources */,
				16D682002C33466F00D5362C /* Views.swift in Sources */,
				16D681FD2C3331ED00D5362C /* Inject.swift in Sources */,
				16D681D02C33278300D5362C /* RMCharacterLocation.swift in Sources */,
				16D681D92C3328BA00D5362C /* RMInfo.swift in Sources */,
				16D681852C331A9D00D5362C /* RMGuideApp.swift in Sources */,
				16D681B12C331E5D00D5362C /* GetRMEpisodeDetailsInteractor.swift in Sources */,
				16D681FA2C332E4700D5362C /* EmptyRequestInput.swift in Sources */,
				16D681C22C331FAF00D5362C /* APIError.swift in Sources */,
				16D681BB2C331F2700D5362C /* AnyAPIClient.swift in Sources */,
				16D682052C33482D00D5362C /* Color+Extension.swift in Sources */,
				16D681EC2C332A7C00D5362C /* EpisodeDetailsAssembly.swift in Sources */,
				16D681B92C331F2100D5362C /* APIClient.swift in Sources */,
			);
			runOnlyForDeploymentPostprocessing = 0;
		};
/* End PBXSourcesBuildPhase section */

/* Begin XCBuildConfiguration section */
		16D6818D2C331A9F00D5362C /* Debug */ = {
			isa = XCBuildConfiguration;
			buildSettings = {
				ALWAYS_SEARCH_USER_PATHS = NO;
				ASSETCATALOG_COMPILER_GENERATE_SWIFT_ASSET_SYMBOL_EXTENSIONS = YES;
				CLANG_ANALYZER_NONNULL = YES;
				CLANG_ANALYZER_NUMBER_OBJECT_CONVERSION = YES_AGGRESSIVE;
				CLANG_CXX_LANGUAGE_STANDARD = "gnu++20";
				CLANG_ENABLE_MODULES = YES;
				CLANG_ENABLE_OBJC_ARC = YES;
				CLANG_ENABLE_OBJC_WEAK = YES;
				CLANG_WARN_BLOCK_CAPTURE_AUTORELEASING = YES;
				CLANG_WARN_BOOL_CONVERSION = YES;
				CLANG_WARN_COMMA = YES;
				CLANG_WARN_CONSTANT_CONVERSION = YES;
				CLANG_WARN_DEPRECATED_OBJC_IMPLEMENTATIONS = YES;
				CLANG_WARN_DIRECT_OBJC_ISA_USAGE = YES_ERROR;
				CLANG_WARN_DOCUMENTATION_COMMENTS = YES;
				CLANG_WARN_EMPTY_BODY = YES;
				CLANG_WARN_ENUM_CONVERSION = YES;
				CLANG_WARN_INFINITE_RECURSION = YES;
				CLANG_WARN_INT_CONVERSION = YES;
				CLANG_WARN_NON_LITERAL_NULL_CONVERSION = YES;
				CLANG_WARN_OBJC_IMPLICIT_RETAIN_SELF = YES;
				CLANG_WARN_OBJC_LITERAL_CONVERSION = YES;
				CLANG_WARN_OBJC_ROOT_CLASS = YES_ERROR;
				CLANG_WARN_QUOTED_INCLUDE_IN_FRAMEWORK_HEADER = YES;
				CLANG_WARN_RANGE_LOOP_ANALYSIS = YES;
				CLANG_WARN_STRICT_PROTOTYPES = YES;
				CLANG_WARN_SUSPICIOUS_MOVE = YES;
				CLANG_WARN_UNGUARDED_AVAILABILITY = YES_AGGRESSIVE;
				CLANG_WARN_UNREACHABLE_CODE = YES;
				CLANG_WARN__DUPLICATE_METHOD_MATCH = YES;
				COPY_PHASE_STRIP = NO;
				DEBUG_INFORMATION_FORMAT = dwarf;
				ENABLE_STRICT_OBJC_MSGSEND = YES;
				ENABLE_TESTABILITY = YES;
				ENABLE_USER_SCRIPT_SANDBOXING = YES;
				GCC_C_LANGUAGE_STANDARD = gnu17;
				GCC_DYNAMIC_NO_PIC = NO;
				GCC_NO_COMMON_BLOCKS = YES;
				GCC_OPTIMIZATION_LEVEL = 0;
				GCC_PREPROCESSOR_DEFINITIONS = (
					"DEBUG=1",
					"$(inherited)",
				);
				GCC_WARN_64_TO_32_BIT_CONVERSION = YES;
				GCC_WARN_ABOUT_RETURN_TYPE = YES_ERROR;
				GCC_WARN_UNDECLARED_SELECTOR = YES;
				GCC_WARN_UNINITIALIZED_AUTOS = YES_AGGRESSIVE;
				GCC_WARN_UNUSED_FUNCTION = YES;
				GCC_WARN_UNUSED_VARIABLE = YES;
				IPHONEOS_DEPLOYMENT_TARGET = 15.0;
				LOCALIZATION_PREFERS_STRING_CATALOGS = YES;
				MTL_ENABLE_DEBUG_INFO = INCLUDE_SOURCE;
				MTL_FAST_MATH = YES;
				ONLY_ACTIVE_ARCH = YES;
				SDKROOT = iphoneos;
				SWIFT_ACTIVE_COMPILATION_CONDITIONS = "DEBUG $(inherited)";
				SWIFT_OPTIMIZATION_LEVEL = "-Onone";
			};
			name = Debug;
		};
		16D6818E2C331A9F00D5362C /* Release */ = {
			isa = XCBuildConfiguration;
			buildSettings = {
				ALWAYS_SEARCH_USER_PATHS = NO;
				ASSETCATALOG_COMPILER_GENERATE_SWIFT_ASSET_SYMBOL_EXTENSIONS = YES;
				CLANG_ANALYZER_NONNULL = YES;
				CLANG_ANALYZER_NUMBER_OBJECT_CONVERSION = YES_AGGRESSIVE;
				CLANG_CXX_LANGUAGE_STANDARD = "gnu++20";
				CLANG_ENABLE_MODULES = YES;
				CLANG_ENABLE_OBJC_ARC = YES;
				CLANG_ENABLE_OBJC_WEAK = YES;
				CLANG_WARN_BLOCK_CAPTURE_AUTORELEASING = YES;
				CLANG_WARN_BOOL_CONVERSION = YES;
				CLANG_WARN_COMMA = YES;
				CLANG_WARN_CONSTANT_CONVERSION = YES;
				CLANG_WARN_DEPRECATED_OBJC_IMPLEMENTATIONS = YES;
				CLANG_WARN_DIRECT_OBJC_ISA_USAGE = YES_ERROR;
				CLANG_WARN_DOCUMENTATION_COMMENTS = YES;
				CLANG_WARN_EMPTY_BODY = YES;
				CLANG_WARN_ENUM_CONVERSION = YES;
				CLANG_WARN_INFINITE_RECURSION = YES;
				CLANG_WARN_INT_CONVERSION = YES;
				CLANG_WARN_NON_LITERAL_NULL_CONVERSION = YES;
				CLANG_WARN_OBJC_IMPLICIT_RETAIN_SELF = YES;
				CLANG_WARN_OBJC_LITERAL_CONVERSION = YES;
				CLANG_WARN_OBJC_ROOT_CLASS = YES_ERROR;
				CLANG_WARN_QUOTED_INCLUDE_IN_FRAMEWORK_HEADER = YES;
				CLANG_WARN_RANGE_LOOP_ANALYSIS = YES;
				CLANG_WARN_STRICT_PROTOTYPES = YES;
				CLANG_WARN_SUSPICIOUS_MOVE = YES;
				CLANG_WARN_UNGUARDED_AVAILABILITY = YES_AGGRESSIVE;
				CLANG_WARN_UNREACHABLE_CODE = YES;
				CLANG_WARN__DUPLICATE_METHOD_MATCH = YES;
				COPY_PHASE_STRIP = NO;
				DEBUG_INFORMATION_FORMAT = "dwarf-with-dsym";
				ENABLE_NS_ASSERTIONS = NO;
				ENABLE_STRICT_OBJC_MSGSEND = YES;
				ENABLE_USER_SCRIPT_SANDBOXING = YES;
				GCC_C_LANGUAGE_STANDARD = gnu17;
				GCC_NO_COMMON_BLOCKS = YES;
				GCC_WARN_64_TO_32_BIT_CONVERSION = YES;
				GCC_WARN_ABOUT_RETURN_TYPE = YES_ERROR;
				GCC_WARN_UNDECLARED_SELECTOR = YES;
				GCC_WARN_UNINITIALIZED_AUTOS = YES_AGGRESSIVE;
				GCC_WARN_UNUSED_FUNCTION = YES;
				GCC_WARN_UNUSED_VARIABLE = YES;
				IPHONEOS_DEPLOYMENT_TARGET = 15.0;
				LOCALIZATION_PREFERS_STRING_CATALOGS = YES;
				MTL_ENABLE_DEBUG_INFO = NO;
				MTL_FAST_MATH = YES;
				SDKROOT = iphoneos;
				SWIFT_COMPILATION_MODE = wholemodule;
				VALIDATE_PRODUCT = YES;
			};
			name = Release;
		};
		16D681902C331A9F00D5362C /* Debug */ = {
			isa = XCBuildConfiguration;
			buildSettings = {
				ASSETCATALOG_COMPILER_APPICON_NAME = AppIcon;
				ASSETCATALOG_COMPILER_GLOBAL_ACCENT_COLOR_NAME = AccentColor;
				CODE_SIGN_STYLE = Automatic;
				CURRENT_PROJECT_VERSION = 1;
				DEVELOPMENT_ASSET_PATHS = "\"RMGuide/Preview Content\"";
				DEVELOPMENT_TEAM = T3SR62DCTW;
				ENABLE_PREVIEWS = YES;
				GENERATE_INFOPLIST_FILE = YES;
				INFOPLIST_KEY_UIApplicationSceneManifest_Generation = YES;
				INFOPLIST_KEY_UIApplicationSupportsIndirectInputEvents = YES;
				INFOPLIST_KEY_UILaunchScreen_Generation = YES;
				INFOPLIST_KEY_UISupportedInterfaceOrientations_iPad = "UIInterfaceOrientationPortrait UIInterfaceOrientationPortraitUpsideDown UIInterfaceOrientationLandscapeLeft UIInterfaceOrientationLandscapeRight";
				INFOPLIST_KEY_UISupportedInterfaceOrientations_iPhone = "UIInterfaceOrientationPortrait UIInterfaceOrientationLandscapeLeft UIInterfaceOrientationLandscapeRight";
				LD_RUNPATH_SEARCH_PATHS = (
					"$(inherited)",
					"@executable_path/Frameworks",
				);
				MARKETING_VERSION = 1.0;
				PRODUCT_BUNDLE_IDENTIFIER = ljaniszewski00.RMGuide;
				PRODUCT_NAME = "$(TARGET_NAME)";
				SWIFT_EMIT_LOC_STRINGS = YES;
				SWIFT_VERSION = 5.0;
				TARGETED_DEVICE_FAMILY = "1,2";
			};
			name = Debug;
		};
		16D681912C331A9F00D5362C /* Release */ = {
			isa = XCBuildConfiguration;
			buildSettings = {
				ASSETCATALOG_COMPILER_APPICON_NAME = AppIcon;
				ASSETCATALOG_COMPILER_GLOBAL_ACCENT_COLOR_NAME = AccentColor;
				CODE_SIGN_STYLE = Automatic;
				CURRENT_PROJECT_VERSION = 1;
				DEVELOPMENT_ASSET_PATHS = "\"RMGuide/Preview Content\"";
				DEVELOPMENT_TEAM = T3SR62DCTW;
				ENABLE_PREVIEWS = YES;
				GENERATE_INFOPLIST_FILE = YES;
				INFOPLIST_KEY_UIApplicationSceneManifest_Generation = YES;
				INFOPLIST_KEY_UIApplicationSupportsIndirectInputEvents = YES;
				INFOPLIST_KEY_UILaunchScreen_Generation = YES;
				INFOPLIST_KEY_UISupportedInterfaceOrientations_iPad = "UIInterfaceOrientationPortrait UIInterfaceOrientationPortraitUpsideDown UIInterfaceOrientationLandscapeLeft UIInterfaceOrientationLandscapeRight";
				INFOPLIST_KEY_UISupportedInterfaceOrientations_iPhone = "UIInterfaceOrientationPortrait UIInterfaceOrientationLandscapeLeft UIInterfaceOrientationLandscapeRight";
				LD_RUNPATH_SEARCH_PATHS = (
					"$(inherited)",
					"@executable_path/Frameworks",
				);
				MARKETING_VERSION = 1.0;
				PRODUCT_BUNDLE_IDENTIFIER = ljaniszewski00.RMGuide;
				PRODUCT_NAME = "$(TARGET_NAME)";
				SWIFT_EMIT_LOC_STRINGS = YES;
				SWIFT_VERSION = 5.0;
				TARGETED_DEVICE_FAMILY = "1,2";
			};
			name = Release;
		};
/* End XCBuildConfiguration section */

/* Begin XCConfigurationList section */
		16D6817C2C331A9D00D5362C /* Build configuration list for PBXProject "RMGuide" */ = {
			isa = XCConfigurationList;
			buildConfigurations = (
				16D6818D2C331A9F00D5362C /* Debug */,
				16D6818E2C331A9F00D5362C /* Release */,
			);
			defaultConfigurationIsVisible = 0;
			defaultConfigurationName = Release;
		};
		16D6818F2C331A9F00D5362C /* Build configuration list for PBXNativeTarget "RMGuide" */ = {
			isa = XCConfigurationList;
			buildConfigurations = (
				16D681902C331A9F00D5362C /* Debug */,
				16D681912C331A9F00D5362C /* Release */,
			);
			defaultConfigurationIsVisible = 0;
			defaultConfigurationName = Release;
		};
/* End XCConfigurationList section */

/* Begin XCRemoteSwiftPackageReference section */
		16D681E12C3329E900D5362C /* XCRemoteSwiftPackageReference "Swinject" */ = {
			isa = XCRemoteSwiftPackageReference;
			repositoryURL = "https://github.com/Swinject/Swinject.git";
			requirement = {
				kind = upToNextMajorVersion;
				minimumVersion = 2.9.1;
			};
		};
/* End XCRemoteSwiftPackageReference section */

/* Begin XCSwiftPackageProductDependency section */
		16D681E22C3329E900D5362C /* Swinject */ = {
			isa = XCSwiftPackageProductDependency;
			package = 16D681E12C3329E900D5362C /* XCRemoteSwiftPackageReference "Swinject" */;
			productName = Swinject;
		};
/* End XCSwiftPackageProductDependency section */
	};
	rootObject = 16D681792C331A9D00D5362C /* Project object */;
}
